// !$*UTF8*$!
{
	archiveVersion = 1;
	classes = {
	};
	objectVersion = 46;
	objects = {

/* Begin PBXBuildFile section */
		2780F680194526E6005C7A23 /* SNOOSelfTextController.m in Sources */ = {isa = PBXBuildFile; fileRef = 2780F67F194526E6005C7A23 /* SNOOSelfTextController.m */; };
		2788652519411CBF007BBC37 /* Foundation.framework in Frameworks */ = {isa = PBXBuildFile; fileRef = 2788652419411CBF007BBC37 /* Foundation.framework */; };
		2788652719411CBF007BBC37 /* CoreGraphics.framework in Frameworks */ = {isa = PBXBuildFile; fileRef = 2788652619411CBF007BBC37 /* CoreGraphics.framework */; };
		2788652919411CBF007BBC37 /* UIKit.framework in Frameworks */ = {isa = PBXBuildFile; fileRef = 2788652819411CBF007BBC37 /* UIKit.framework */; };
		2788652B19411CBF007BBC37 /* CoreData.framework in Frameworks */ = {isa = PBXBuildFile; fileRef = 2788652A19411CBF007BBC37 /* CoreData.framework */; };
		2788653119411CBF007BBC37 /* InfoPlist.strings in Resources */ = {isa = PBXBuildFile; fileRef = 2788652F19411CBF007BBC37 /* InfoPlist.strings */; };
		2788653319411CBF007BBC37 /* main.m in Sources */ = {isa = PBXBuildFile; fileRef = 2788653219411CBF007BBC37 /* main.m */; };
		2788653719411CBF007BBC37 /* SNOOAppDelegate.m in Sources */ = {isa = PBXBuildFile; fileRef = 2788653619411CBF007BBC37 /* SNOOAppDelegate.m */; };
		2788653A19411CBF007BBC37 /* Snoo.xcdatamodeld in Sources */ = {isa = PBXBuildFile; fileRef = 2788653819411CBF007BBC37 /* Snoo.xcdatamodeld */; };
		2788653C19411CBF007BBC37 /* Images.xcassets in Resources */ = {isa = PBXBuildFile; fileRef = 2788653B19411CBF007BBC37 /* Images.xcassets */; };
		2788654319411CBF007BBC37 /* XCTest.framework in Frameworks */ = {isa = PBXBuildFile; fileRef = 2788654219411CBF007BBC37 /* XCTest.framework */; };
		2788654419411CBF007BBC37 /* Foundation.framework in Frameworks */ = {isa = PBXBuildFile; fileRef = 2788652419411CBF007BBC37 /* Foundation.framework */; };
		2788654519411CBF007BBC37 /* UIKit.framework in Frameworks */ = {isa = PBXBuildFile; fileRef = 2788652819411CBF007BBC37 /* UIKit.framework */; };
		2788654619411CBF007BBC37 /* CoreData.framework in Frameworks */ = {isa = PBXBuildFile; fileRef = 2788652A19411CBF007BBC37 /* CoreData.framework */; };
		2788654E19411CBF007BBC37 /* InfoPlist.strings in Resources */ = {isa = PBXBuildFile; fileRef = 2788654C19411CBF007BBC37 /* InfoPlist.strings */; };
		2788655019411CBF007BBC37 /* SnooTests.m in Sources */ = {isa = PBXBuildFile; fileRef = 2788654F19411CBF007BBC37 /* SnooTests.m */; };
		2788655E19412397007BBC37 /* SNOORedditService.m in Sources */ = {isa = PBXBuildFile; fileRef = 2788655D19412397007BBC37 /* SNOORedditService.m */; };
		27886565194124D4007BBC37 /* UIResponder+PerformSelector.m in Sources */ = {isa = PBXBuildFile; fileRef = 27886564194124D4007BBC37 /* UIResponder+PerformSelector.m */; };
		2788656819412A86007BBC37 /* SNOORedditCommand.m in Sources */ = {isa = PBXBuildFile; fileRef = 2788656719412A86007BBC37 /* SNOORedditCommand.m */; };
		2788656B19412C02007BBC37 /* Main.storyboard in Resources */ = {isa = PBXBuildFile; fileRef = 2788656A19412C02007BBC37 /* Main.storyboard */; };
		27886570194132C3007BBC37 /* SNOORedditCommandFetchFrontPage.m in Sources */ = {isa = PBXBuildFile; fileRef = 2788656F194132C3007BBC37 /* SNOORedditCommandFetchFrontPage.m */; };
		2788657419416BED007BBC37 /* SNOOPagedAccessByURLParameter.m in Sources */ = {isa = PBXBuildFile; fileRef = 2788657319416BED007BBC37 /* SNOOPagedAccessByURLParameter.m */; };
		27886577194186A5007BBC37 /* NSURL+Queries.m in Sources */ = {isa = PBXBuildFile; fileRef = 27886576194186A5007BBC37 /* NSURL+Queries.m */; };
		2788657B19418B94007BBC37 /* SNOOFrontPageListingController.m in Sources */ = {isa = PBXBuildFile; fileRef = 2788657A19418B94007BBC37 /* SNOOFrontPageListingController.m */; };
		278DB5FA194270DC00E79CCC /* NSArray+Ingest.m in Sources */ = {isa = PBXBuildFile; fileRef = 278DB5F9194270DC00E79CCC /* NSArray+Ingest.m */; };
		278DB5FD1942729600E79CCC /* NSDictionary+Ingest.m in Sources */ = {isa = PBXBuildFile; fileRef = 278DB5FC1942729600E79CCC /* NSDictionary+Ingest.m */; };
		278DB6001942800600E79CCC /* NSManagedObjectContext+Convenience.m in Sources */ = {isa = PBXBuildFile; fileRef = 278DB5FF1942800600E79CCC /* NSManagedObjectContext+Convenience.m */; };
		278DB607194286DB00E79CCC /* SNOOPost.m in Sources */ = {isa = PBXBuildFile; fileRef = 278DB606194286DB00E79CCC /* SNOOPost.m */; };
		278DB6101942974E00E79CCC /* NSDate+Conversions.m in Sources */ = {isa = PBXBuildFile; fileRef = 278DB60F1942974E00E79CCC /* NSDate+Conversions.m */; };
		278DB614194298E000E79CCC /* SNOOPostTableViewCell.m in Sources */ = {isa = PBXBuildFile; fileRef = 278DB612194298E000E79CCC /* SNOOPostTableViewCell.m */; };
		278DB615194298E000E79CCC /* SNOOPostTableViewCell.xib in Resources */ = {isa = PBXBuildFile; fileRef = 278DB613194298E000E79CCC /* SNOOPostTableViewCell.xib */; };
		278DB61B1942A4E000E79CCC /* _SNOOPost.m in Sources */ = {isa = PBXBuildFile; fileRef = 278DB61A1942A4E000E79CCC /* _SNOOPost.m */; };
		278E70A31944EA4B00D14D1A /* SORelativeDateTransformer.bundle in Resources */ = {isa = PBXBuildFile; fileRef = 278E709E1944EA4B00D14D1A /* SORelativeDateTransformer.bundle */; };
		278E70A41944EA4B00D14D1A /* SORelativeDateTransformer.m in Sources */ = {isa = PBXBuildFile; fileRef = 278E70A01944EA4B00D14D1A /* SORelativeDateTransformer.m */; };
		278E70A51944EA4B00D14D1A /* NSDate(FriendlyDate).m in Sources */ = {isa = PBXBuildFile; fileRef = 278E70A21944EA4B00D14D1A /* NSDate(FriendlyDate).m */; };
		2790B754194500A0000A903E /* NSString+Prettify.m in Sources */ = {isa = PBXBuildFile; fileRef = 2790B753194500A0000A903E /* NSString+Prettify.m */; };
		279400CD19452EBC0086829B /* Web.storyboard in Resources */ = {isa = PBXBuildFile; fileRef = 279400CA19452EBC0086829B /* Web.storyboard */; };
		279400CE19452EBC0086829B /* SNOOWebBrowserController.m in Sources */ = {isa = PBXBuildFile; fileRef = 279400CC19452EBC0086829B /* SNOOWebBrowserController.m */; };
		27D2632F1942493C00DD0ADC /* NSDictionary+Recognize.m in Sources */ = {isa = PBXBuildFile; fileRef = 27D2632E1942493C00DD0ADC /* NSDictionary+Recognize.m */; };
		27D2633319424F0700DD0ADC /* SNOORedditConstants.m in Sources */ = {isa = PBXBuildFile; fileRef = 27D2633219424F0700DD0ADC /* SNOORedditConstants.m */; };
		27D26336194255E700DD0ADC /* NSDictionary+Extract.m in Sources */ = {isa = PBXBuildFile; fileRef = 27D26335194255E700DD0ADC /* NSDictionary+Extract.m */; };
		45A16C8274414D0D8191E0E2 /* libPods.a in Frameworks */ = {isa = PBXBuildFile; fileRef = C0DA92FB6ACD4B889EBA59C7 /* libPods.a */; };
/* End PBXBuildFile section */

/* Begin PBXContainerItemProxy section */
		2788654719411CBF007BBC37 /* PBXContainerItemProxy */ = {
			isa = PBXContainerItemProxy;
			containerPortal = 2788651919411CBF007BBC37 /* Project object */;
			proxyType = 1;
			remoteGlobalIDString = 2788652019411CBF007BBC37;
			remoteInfo = Snoo;
		};
/* End PBXContainerItemProxy section */

/* Begin PBXFileReference section */
		2780F67E194526E6005C7A23 /* SNOOSelfTextController.h */ = {isa = PBXFileReference; fileEncoding = 4; lastKnownFileType = sourcecode.c.h; path = SNOOSelfTextController.h; sourceTree = "<group>"; };
		2780F67F194526E6005C7A23 /* SNOOSelfTextController.m */ = {isa = PBXFileReference; fileEncoding = 4; lastKnownFileType = sourcecode.c.objc; path = SNOOSelfTextController.m; sourceTree = "<group>"; };
		2788652119411CBF007BBC37 /* Snoo.app */ = {isa = PBXFileReference; explicitFileType = wrapper.application; includeInIndex = 0; path = Snoo.app; sourceTree = BUILT_PRODUCTS_DIR; };
		2788652419411CBF007BBC37 /* Foundation.framework */ = {isa = PBXFileReference; lastKnownFileType = wrapper.framework; name = Foundation.framework; path = System/Library/Frameworks/Foundation.framework; sourceTree = SDKROOT; };
		2788652619411CBF007BBC37 /* CoreGraphics.framework */ = {isa = PBXFileReference; lastKnownFileType = wrapper.framework; name = CoreGraphics.framework; path = System/Library/Frameworks/CoreGraphics.framework; sourceTree = SDKROOT; };
		2788652819411CBF007BBC37 /* UIKit.framework */ = {isa = PBXFileReference; lastKnownFileType = wrapper.framework; name = UIKit.framework; path = System/Library/Frameworks/UIKit.framework; sourceTree = SDKROOT; };
		2788652A19411CBF007BBC37 /* CoreData.framework */ = {isa = PBXFileReference; lastKnownFileType = wrapper.framework; name = CoreData.framework; path = System/Library/Frameworks/CoreData.framework; sourceTree = SDKROOT; };
		2788652E19411CBF007BBC37 /* Snoo-Info.plist */ = {isa = PBXFileReference; lastKnownFileType = text.plist.xml; path = "Snoo-Info.plist"; sourceTree = "<group>"; };
		2788653019411CBF007BBC37 /* en */ = {isa = PBXFileReference; lastKnownFileType = text.plist.strings; name = en; path = en.lproj/InfoPlist.strings; sourceTree = "<group>"; };
		2788653219411CBF007BBC37 /* main.m */ = {isa = PBXFileReference; lastKnownFileType = sourcecode.c.objc; path = main.m; sourceTree = "<group>"; };
		2788653419411CBF007BBC37 /* Snoo-Prefix.pch */ = {isa = PBXFileReference; lastKnownFileType = sourcecode.c.h; path = "Snoo-Prefix.pch"; sourceTree = "<group>"; };
		2788653519411CBF007BBC37 /* SNOOAppDelegate.h */ = {isa = PBXFileReference; lastKnownFileType = sourcecode.c.h; path = SNOOAppDelegate.h; sourceTree = "<group>"; };
		2788653619411CBF007BBC37 /* SNOOAppDelegate.m */ = {isa = PBXFileReference; lastKnownFileType = sourcecode.c.objc; path = SNOOAppDelegate.m; sourceTree = "<group>"; };
		2788653919411CBF007BBC37 /* Snoo.xcdatamodel */ = {isa = PBXFileReference; lastKnownFileType = wrapper.xcdatamodel; path = Snoo.xcdatamodel; sourceTree = "<group>"; };
		2788653B19411CBF007BBC37 /* Images.xcassets */ = {isa = PBXFileReference; lastKnownFileType = folder.assetcatalog; path = Images.xcassets; sourceTree = "<group>"; };
		2788654119411CBF007BBC37 /* SnooTests.xctest */ = {isa = PBXFileReference; explicitFileType = wrapper.cfbundle; includeInIndex = 0; path = SnooTests.xctest; sourceTree = BUILT_PRODUCTS_DIR; };
		2788654219411CBF007BBC37 /* XCTest.framework */ = {isa = PBXFileReference; lastKnownFileType = wrapper.framework; name = XCTest.framework; path = Library/Frameworks/XCTest.framework; sourceTree = DEVELOPER_DIR; };
		2788654B19411CBF007BBC37 /* SnooTests-Info.plist */ = {isa = PBXFileReference; lastKnownFileType = text.plist.xml; path = "SnooTests-Info.plist"; sourceTree = "<group>"; };
		2788654D19411CBF007BBC37 /* en */ = {isa = PBXFileReference; lastKnownFileType = text.plist.strings; name = en; path = en.lproj/InfoPlist.strings; sourceTree = "<group>"; };
		2788654F19411CBF007BBC37 /* SnooTests.m */ = {isa = PBXFileReference; lastKnownFileType = sourcecode.c.objc; path = SnooTests.m; sourceTree = "<group>"; };
		2788655C19412397007BBC37 /* SNOORedditService.h */ = {isa = PBXFileReference; fileEncoding = 4; lastKnownFileType = sourcecode.c.h; path = SNOORedditService.h; sourceTree = "<group>"; };
		2788655D19412397007BBC37 /* SNOORedditService.m */ = {isa = PBXFileReference; fileEncoding = 4; lastKnownFileType = sourcecode.c.objc; path = SNOORedditService.m; sourceTree = "<group>"; };
		27886563194124D4007BBC37 /* UIResponder+PerformSelector.h */ = {isa = PBXFileReference; fileEncoding = 4; lastKnownFileType = sourcecode.c.h; path = "UIResponder+PerformSelector.h"; sourceTree = "<group>"; };
		27886564194124D4007BBC37 /* UIResponder+PerformSelector.m */ = {isa = PBXFileReference; fileEncoding = 4; lastKnownFileType = sourcecode.c.objc; path = "UIResponder+PerformSelector.m"; sourceTree = "<group>"; };
		2788656619412A86007BBC37 /* SNOORedditCommand.h */ = {isa = PBXFileReference; fileEncoding = 4; lastKnownFileType = sourcecode.c.h; path = SNOORedditCommand.h; sourceTree = "<group>"; };
		2788656719412A86007BBC37 /* SNOORedditCommand.m */ = {isa = PBXFileReference; fileEncoding = 4; lastKnownFileType = sourcecode.c.objc; path = SNOORedditCommand.m; sourceTree = "<group>"; };
		2788656A19412C02007BBC37 /* Main.storyboard */ = {isa = PBXFileReference; fileEncoding = 4; lastKnownFileType = file.storyboard; path = Main.storyboard; sourceTree = "<group>"; };
		2788656D19412FCA007BBC37 /* SNOOURLRepresentable.h */ = {isa = PBXFileReference; lastKnownFileType = sourcecode.c.h; path = SNOOURLRepresentable.h; sourceTree = "<group>"; };
		2788656E194132C3007BBC37 /* SNOORedditCommandFetchFrontPage.h */ = {isa = PBXFileReference; fileEncoding = 4; lastKnownFileType = sourcecode.c.h; path = SNOORedditCommandFetchFrontPage.h; sourceTree = "<group>"; };
		2788656F194132C3007BBC37 /* SNOORedditCommandFetchFrontPage.m */ = {isa = PBXFileReference; fileEncoding = 4; lastKnownFileType = sourcecode.c.objc; path = SNOORedditCommandFetchFrontPage.m; sourceTree = "<group>"; };
		27886571194153F1007BBC37 /* SNOOPagedAccess.h */ = {isa = PBXFileReference; lastKnownFileType = sourcecode.c.h; path = SNOOPagedAccess.h; sourceTree = "<group>"; };
		2788657219416BED007BBC37 /* SNOOPagedAccessByURLParameter.h */ = {isa = PBXFileReference; fileEncoding = 4; lastKnownFileType = sourcecode.c.h; path = SNOOPagedAccessByURLParameter.h; sourceTree = "<group>"; };
		2788657319416BED007BBC37 /* SNOOPagedAccessByURLParameter.m */ = {isa = PBXFileReference; fileEncoding = 4; lastKnownFileType = sourcecode.c.objc; path = SNOOPagedAccessByURLParameter.m; sourceTree = "<group>"; };
		27886575194186A5007BBC37 /* NSURL+Queries.h */ = {isa = PBXFileReference; fileEncoding = 4; lastKnownFileType = sourcecode.c.h; path = "NSURL+Queries.h"; sourceTree = "<group>"; };
		27886576194186A5007BBC37 /* NSURL+Queries.m */ = {isa = PBXFileReference; fileEncoding = 4; lastKnownFileType = sourcecode.c.objc; path = "NSURL+Queries.m"; sourceTree = "<group>"; };
		2788657919418B94007BBC37 /* SNOOFrontPageListingController.h */ = {isa = PBXFileReference; fileEncoding = 4; lastKnownFileType = sourcecode.c.h; path = SNOOFrontPageListingController.h; sourceTree = "<group>"; };
		2788657A19418B94007BBC37 /* SNOOFrontPageListingController.m */ = {isa = PBXFileReference; fileEncoding = 4; lastKnownFileType = sourcecode.c.objc; path = SNOOFrontPageListingController.m; sourceTree = "<group>"; };
		278DB5F8194270DC00E79CCC /* NSArray+Ingest.h */ = {isa = PBXFileReference; fileEncoding = 4; lastKnownFileType = sourcecode.c.h; path = "NSArray+Ingest.h"; sourceTree = "<group>"; };
		278DB5F9194270DC00E79CCC /* NSArray+Ingest.m */ = {isa = PBXFileReference; fileEncoding = 4; lastKnownFileType = sourcecode.c.objc; path = "NSArray+Ingest.m"; sourceTree = "<group>"; };
		278DB5FB1942729600E79CCC /* NSDictionary+Ingest.h */ = {isa = PBXFileReference; fileEncoding = 4; lastKnownFileType = sourcecode.c.h; path = "NSDictionary+Ingest.h"; sourceTree = "<group>"; };
		278DB5FC1942729600E79CCC /* NSDictionary+Ingest.m */ = {isa = PBXFileReference; fileEncoding = 4; lastKnownFileType = sourcecode.c.objc; path = "NSDictionary+Ingest.m"; sourceTree = "<group>"; };
		278DB5FE1942800500E79CCC /* NSManagedObjectContext+Convenience.h */ = {isa = PBXFileReference; fileEncoding = 4; lastKnownFileType = sourcecode.c.h; path = "NSManagedObjectContext+Convenience.h"; sourceTree = "<group>"; };
		278DB5FF1942800600E79CCC /* NSManagedObjectContext+Convenience.m */ = {isa = PBXFileReference; fileEncoding = 4; lastKnownFileType = sourcecode.c.objc; path = "NSManagedObjectContext+Convenience.m"; sourceTree = "<group>"; };
		278DB605194286DB00E79CCC /* SNOOPost.h */ = {isa = PBXFileReference; fileEncoding = 4; lastKnownFileType = sourcecode.c.h; path = SNOOPost.h; sourceTree = "<group>"; };
		278DB606194286DB00E79CCC /* SNOOPost.m */ = {isa = PBXFileReference; fileEncoding = 4; lastKnownFileType = sourcecode.c.objc; path = SNOOPost.m; sourceTree = "<group>"; };
		278DB60E1942974E00E79CCC /* NSDate+Conversions.h */ = {isa = PBXFileReference; fileEncoding = 4; lastKnownFileType = sourcecode.c.h; path = "NSDate+Conversions.h"; sourceTree = "<group>"; };
		278DB60F1942974E00E79CCC /* NSDate+Conversions.m */ = {isa = PBXFileReference; fileEncoding = 4; lastKnownFileType = sourcecode.c.objc; path = "NSDate+Conversions.m"; sourceTree = "<group>"; };
		278DB611194298E000E79CCC /* SNOOPostTableViewCell.h */ = {isa = PBXFileReference; fileEncoding = 4; lastKnownFileType = sourcecode.c.h; path = SNOOPostTableViewCell.h; sourceTree = "<group>"; };
		278DB612194298E000E79CCC /* SNOOPostTableViewCell.m */ = {isa = PBXFileReference; fileEncoding = 4; lastKnownFileType = sourcecode.c.objc; path = SNOOPostTableViewCell.m; sourceTree = "<group>"; };
		278DB613194298E000E79CCC /* SNOOPostTableViewCell.xib */ = {isa = PBXFileReference; fileEncoding = 4; lastKnownFileType = file.xib; path = SNOOPostTableViewCell.xib; sourceTree = "<group>"; };
		278DB6191942A4E000E79CCC /* _SNOOPost.h */ = {isa = PBXFileReference; fileEncoding = 4; lastKnownFileType = sourcecode.c.h; path = _SNOOPost.h; sourceTree = "<group>"; };
		278DB61A1942A4E000E79CCC /* _SNOOPost.m */ = {isa = PBXFileReference; fileEncoding = 4; lastKnownFileType = sourcecode.c.objc; path = _SNOOPost.m; sourceTree = "<group>"; };
		278E709E1944EA4B00D14D1A /* SORelativeDateTransformer.bundle */ = {isa = PBXFileReference; lastKnownFileType = "wrapper.plug-in"; path = SORelativeDateTransformer.bundle; sourceTree = "<group>"; };
		278E709F1944EA4B00D14D1A /* SORelativeDateTransformer.h */ = {isa = PBXFileReference; fileEncoding = 4; lastKnownFileType = sourcecode.c.h; path = SORelativeDateTransformer.h; sourceTree = "<group>"; };
		278E70A01944EA4B00D14D1A /* SORelativeDateTransformer.m */ = {isa = PBXFileReference; fileEncoding = 4; lastKnownFileType = sourcecode.c.objc; path = SORelativeDateTransformer.m; sourceTree = "<group>"; };
		278E70A11944EA4B00D14D1A /* NSDate(FriendlyDate).h */ = {isa = PBXFileReference; fileEncoding = 4; lastKnownFileType = sourcecode.c.h; path = "NSDate(FriendlyDate).h"; sourceTree = "<group>"; };
		278E70A21944EA4B00D14D1A /* NSDate(FriendlyDate).m */ = {isa = PBXFileReference; fileEncoding = 4; lastKnownFileType = sourcecode.c.objc; path = "NSDate(FriendlyDate).m"; sourceTree = "<group>"; };
		2790B752194500A0000A903E /* NSString+Prettify.h */ = {isa = PBXFileReference; fileEncoding = 4; lastKnownFileType = sourcecode.c.h; path = "NSString+Prettify.h"; sourceTree = "<group>"; };
		2790B753194500A0000A903E /* NSString+Prettify.m */ = {isa = PBXFileReference; fileEncoding = 4; lastKnownFileType = sourcecode.c.objc; path = "NSString+Prettify.m"; sourceTree = "<group>"; };
		279400CA19452EBC0086829B /* Web.storyboard */ = {isa = PBXFileReference; fileEncoding = 4; lastKnownFileType = file.storyboard; path = Web.storyboard; sourceTree = "<group>"; };
		279400CB19452EBC0086829B /* SNOOWebBrowserController.h */ = {isa = PBXFileReference; fileEncoding = 4; lastKnownFileType = sourcecode.c.h; path = SNOOWebBrowserController.h; sourceTree = "<group>"; };
		279400CC19452EBC0086829B /* SNOOWebBrowserController.m */ = {isa = PBXFileReference; fileEncoding = 4; lastKnownFileType = sourcecode.c.objc; path = SNOOWebBrowserController.m; sourceTree = "<group>"; };
		27D2632D1942493C00DD0ADC /* NSDictionary+Recognize.h */ = {isa = PBXFileReference; fileEncoding = 4; lastKnownFileType = sourcecode.c.h; path = "NSDictionary+Recognize.h"; sourceTree = "<group>"; };
		27D2632E1942493C00DD0ADC /* NSDictionary+Recognize.m */ = {isa = PBXFileReference; fileEncoding = 4; lastKnownFileType = sourcecode.c.objc; path = "NSDictionary+Recognize.m"; sourceTree = "<group>"; };
		27D2633119424F0700DD0ADC /* SNOORedditConstants.h */ = {isa = PBXFileReference; fileEncoding = 4; lastKnownFileType = sourcecode.c.h; path = SNOORedditConstants.h; sourceTree = "<group>"; };
		27D2633219424F0700DD0ADC /* SNOORedditConstants.m */ = {isa = PBXFileReference; fileEncoding = 4; lastKnownFileType = sourcecode.c.objc; path = SNOORedditConstants.m; sourceTree = "<group>"; };
		27D26334194255E700DD0ADC /* NSDictionary+Extract.h */ = {isa = PBXFileReference; fileEncoding = 4; lastKnownFileType = sourcecode.c.h; path = "NSDictionary+Extract.h"; sourceTree = "<group>"; };
		27D26335194255E700DD0ADC /* NSDictionary+Extract.m */ = {isa = PBXFileReference; fileEncoding = 4; lastKnownFileType = sourcecode.c.objc; path = "NSDictionary+Extract.m"; sourceTree = "<group>"; };
		C0DA92FB6ACD4B889EBA59C7 /* libPods.a */ = {isa = PBXFileReference; explicitFileType = archive.ar; includeInIndex = 0; path = libPods.a; sourceTree = BUILT_PRODUCTS_DIR; };
		DF400A1765724841ADF64C21 /* Pods.xcconfig */ = {isa = PBXFileReference; includeInIndex = 1; lastKnownFileType = text.xcconfig; name = Pods.xcconfig; path = Pods/Pods.xcconfig; sourceTree = "<group>"; };
/* End PBXFileReference section */

/* Begin PBXFrameworksBuildPhase section */
		2788651E19411CBF007BBC37 /* Frameworks */ = {
			isa = PBXFrameworksBuildPhase;
			buildActionMask = 2147483647;
			files = (
				2788652719411CBF007BBC37 /* CoreGraphics.framework in Frameworks */,
				2788652B19411CBF007BBC37 /* CoreData.framework in Frameworks */,
				2788652919411CBF007BBC37 /* UIKit.framework in Frameworks */,
				2788652519411CBF007BBC37 /* Foundation.framework in Frameworks */,
				45A16C8274414D0D8191E0E2 /* libPods.a in Frameworks */,
			);
			runOnlyForDeploymentPostprocessing = 0;
		};
		2788653E19411CBF007BBC37 /* Frameworks */ = {
			isa = PBXFrameworksBuildPhase;
			buildActionMask = 2147483647;
			files = (
				2788654319411CBF007BBC37 /* XCTest.framework in Frameworks */,
				2788654619411CBF007BBC37 /* CoreData.framework in Frameworks */,
				2788654519411CBF007BBC37 /* UIKit.framework in Frameworks */,
				2788654419411CBF007BBC37 /* Foundation.framework in Frameworks */,
			);
			runOnlyForDeploymentPostprocessing = 0;
		};
/* End PBXFrameworksBuildPhase section */

/* Begin PBXGroup section */
		2780F67D194526B8005C7A23 /* Self Text Display */ = {
			isa = PBXGroup;
			children = (
				2780F67E194526E6005C7A23 /* SNOOSelfTextController.h */,
				2780F67F194526E6005C7A23 /* SNOOSelfTextController.m */,
			);
			name = "Self Text Display";
			sourceTree = "<group>";
		};
		2788651819411CBF007BBC37 = {
			isa = PBXGroup;
			children = (
				2788652C19411CBF007BBC37 /* Snoo */,
				2788654919411CBF007BBC37 /* SnooTests */,
				2788652319411CBF007BBC37 /* Frameworks */,
				2788652219411CBF007BBC37 /* Products */,
				DF400A1765724841ADF64C21 /* Pods.xcconfig */,
			);
			sourceTree = "<group>";
		};
		2788652219411CBF007BBC37 /* Products */ = {
			isa = PBXGroup;
			children = (
				2788652119411CBF007BBC37 /* Snoo.app */,
				2788654119411CBF007BBC37 /* SnooTests.xctest */,
			);
			name = Products;
			sourceTree = "<group>";
		};
		2788652319411CBF007BBC37 /* Frameworks */ = {
			isa = PBXGroup;
			children = (
				2788652419411CBF007BBC37 /* Foundation.framework */,
				2788652619411CBF007BBC37 /* CoreGraphics.framework */,
				2788652819411CBF007BBC37 /* UIKit.framework */,
				2788652A19411CBF007BBC37 /* CoreData.framework */,
				2788654219411CBF007BBC37 /* XCTest.framework */,
				C0DA92FB6ACD4B889EBA59C7 /* libPods.a */,
			);
			name = Frameworks;
			sourceTree = "<group>";
		};
		2788652C19411CBF007BBC37 /* Snoo */ = {
			isa = PBXGroup;
			children = (
				279400C919452EAC0086829B /* Web Viewer */,
				2788656919412BBE007BBC37 /* View */,
				2788655A1941232D007BBC37 /* Model */,
				2780F67D194526B8005C7A23 /* Self Text Display */,
				2788657819418B70007BBC37 /* Front Page Listing */,
				2788656C19412F7B007BBC37 /* Service */,
				2788655919412316007BBC37 /* Application */,
			);
			path = Snoo;
			sourceTree = "<group>";
		};
		2788654919411CBF007BBC37 /* SnooTests */ = {
			isa = PBXGroup;
			children = (
				2788654F19411CBF007BBC37 /* SnooTests.m */,
				2788654A19411CBF007BBC37 /* Supporting Files */,
			);
			path = SnooTests;
			sourceTree = "<group>";
		};
		2788654A19411CBF007BBC37 /* Supporting Files */ = {
			isa = PBXGroup;
			children = (
				2788654B19411CBF007BBC37 /* SnooTests-Info.plist */,
				2788654C19411CBF007BBC37 /* InfoPlist.strings */,
			);
			name = "Supporting Files";
			sourceTree = "<group>";
		};
		2788655919412316007BBC37 /* Application */ = {
			isa = PBXGroup;
			children = (
				2788656219412443007BBC37 /* Convenience Categories */,
				2788652E19411CBF007BBC37 /* Snoo-Info.plist */,
				2788652F19411CBF007BBC37 /* InfoPlist.strings */,
				2788653219411CBF007BBC37 /* main.m */,
				2788653419411CBF007BBC37 /* Snoo-Prefix.pch */,
				2788653519411CBF007BBC37 /* SNOOAppDelegate.h */,
				2788653619411CBF007BBC37 /* SNOOAppDelegate.m */,
				2788653B19411CBF007BBC37 /* Images.xcassets */,
			);
			name = Application;
			sourceTree = "<group>";
		};
		2788655A1941232D007BBC37 /* Model */ = {
			isa = PBXGroup;
			children = (
				2788653819411CBF007BBC37 /* Snoo.xcdatamodeld */,
				278DB605194286DB00E79CCC /* SNOOPost.h */,
				278DB606194286DB00E79CCC /* SNOOPost.m */,
				278DB6191942A4E000E79CCC /* _SNOOPost.h */,
				278DB61A1942A4E000E79CCC /* _SNOOPost.m */,
			);
			name = Model;
			sourceTree = "<group>";
		};
		2788655B19412381007BBC37 /* Reddit Service */ = {
			isa = PBXGroup;
			children = (
				2788655C19412397007BBC37 /* SNOORedditService.h */,
				2788655D19412397007BBC37 /* SNOORedditService.m */,
				27D2633119424F0700DD0ADC /* SNOORedditConstants.h */,
				27D2633219424F0700DD0ADC /* SNOORedditConstants.m */,
				278DB601194282AD00E79CCC /* Reddit-related Categories */,
				27F30E49194242E000C9FE59 /* Commands */,
			);
			name = "Reddit Service";
			sourceTree = "<group>";
		};
		2788656219412443007BBC37 /* Convenience Categories */ = {
			isa = PBXGroup;
			children = (
				278E709D1944EA3C00D14D1A /* Friendly Date */,
				27886563194124D4007BBC37 /* UIResponder+PerformSelector.h */,
				27886564194124D4007BBC37 /* UIResponder+PerformSelector.m */,
				27886575194186A5007BBC37 /* NSURL+Queries.h */,
				27886576194186A5007BBC37 /* NSURL+Queries.m */,
				278DB5FE1942800500E79CCC /* NSManagedObjectContext+Convenience.h */,
				278DB5FF1942800600E79CCC /* NSManagedObjectContext+Convenience.m */,
				278DB60E1942974E00E79CCC /* NSDate+Conversions.h */,
				278DB60F1942974E00E79CCC /* NSDate+Conversions.m */,
				2790B752194500A0000A903E /* NSString+Prettify.h */,
				2790B753194500A0000A903E /* NSString+Prettify.m */,
			);
			name = "Convenience Categories";
			sourceTree = "<group>";
		};
		2788656919412BBE007BBC37 /* View */ = {
			isa = PBXGroup;
			children = (
				2788656A19412C02007BBC37 /* Main.storyboard */,
			);
			name = View;
			sourceTree = "<group>";
		};
		2788656C19412F7B007BBC37 /* Service */ = {
			isa = PBXGroup;
			children = (
				2788656D19412FCA007BBC37 /* SNOOURLRepresentable.h */,
				27886571194153F1007BBC37 /* SNOOPagedAccess.h */,
				2788657219416BED007BBC37 /* SNOOPagedAccessByURLParameter.h */,
				2788657319416BED007BBC37 /* SNOOPagedAccessByURLParameter.m */,
				2788655B19412381007BBC37 /* Reddit Service */,
			);
			name = Service;
			sourceTree = "<group>";
		};
		2788657819418B70007BBC37 /* Front Page Listing */ = {
			isa = PBXGroup;
			children = (
				2788657919418B94007BBC37 /* SNOOFrontPageListingController.h */,
				2788657A19418B94007BBC37 /* SNOOFrontPageListingController.m */,
				27EEFE3F1944E5230058AD49 /* View */,
			);
			name = "Front Page Listing";
			sourceTree = "<group>";
		};
		278DB601194282AD00E79CCC /* Reddit-related Categories */ = {
			isa = PBXGroup;
			children = (
				278DB5F8194270DC00E79CCC /* NSArray+Ingest.h */,
				278DB5F9194270DC00E79CCC /* NSArray+Ingest.m */,
				278DB5FB1942729600E79CCC /* NSDictionary+Ingest.h */,
				278DB5FC1942729600E79CCC /* NSDictionary+Ingest.m */,
				27D2632D1942493C00DD0ADC /* NSDictionary+Recognize.h */,
				27D2632E1942493C00DD0ADC /* NSDictionary+Recognize.m */,
				27D26334194255E700DD0ADC /* NSDictionary+Extract.h */,
				27D26335194255E700DD0ADC /* NSDictionary+Extract.m */,
			);
			name = "Reddit-related Categories";
			sourceTree = "<group>";
		};
		278E709D1944EA3C00D14D1A /* Friendly Date */ = {
			isa = PBXGroup;
			children = (
				278E709E1944EA4B00D14D1A /* SORelativeDateTransformer.bundle */,
				278E709F1944EA4B00D14D1A /* SORelativeDateTransformer.h */,
				278E70A01944EA4B00D14D1A /* SORelativeDateTransformer.m */,
				278E70A11944EA4B00D14D1A /* NSDate(FriendlyDate).h */,
				278E70A21944EA4B00D14D1A /* NSDate(FriendlyDate).m */,
			);
			name = "Friendly Date";
			sourceTree = "<group>";
		};
		279400C919452EAC0086829B /* Web Viewer */ = {
			isa = PBXGroup;
			children = (
				279400CA19452EBC0086829B /* Web.storyboard */,
				279400CB19452EBC0086829B /* SNOOWebBrowserController.h */,
				279400CC19452EBC0086829B /* SNOOWebBrowserController.m */,
			);
			name = "Web Viewer";
			sourceTree = "<group>";
		};
		27EEFE3F1944E5230058AD49 /* View */ = {
			isa = PBXGroup;
			children = (
				278DB611194298E000E79CCC /* SNOOPostTableViewCell.h */,
				278DB612194298E000E79CCC /* SNOOPostTableViewCell.m */,
				278DB613194298E000E79CCC /* SNOOPostTableViewCell.xib */,
			);
			name = View;
			sourceTree = "<group>";
		};
		27F30E49194242E000C9FE59 /* Commands */ = {
			isa = PBXGroup;
			children = (
				2788656619412A86007BBC37 /* SNOORedditCommand.h */,
				2788656719412A86007BBC37 /* SNOORedditCommand.m */,
				2788656E194132C3007BBC37 /* SNOORedditCommandFetchFrontPage.h */,
				2788656F194132C3007BBC37 /* SNOORedditCommandFetchFrontPage.m */,
			);
			name = Commands;
			sourceTree = "<group>";
		};
/* End PBXGroup section */

/* Begin PBXNativeTarget section */
		2788652019411CBF007BBC37 /* Snoo */ = {
			isa = PBXNativeTarget;
			buildConfigurationList = 2788655319411CBF007BBC37 /* Build configuration list for PBXNativeTarget "Snoo" */;
			buildPhases = (
				B947BEF431204A5B9F19D01B /* Check Pods Manifest.lock */,
				2788651D19411CBF007BBC37 /* Sources */,
				2788651E19411CBF007BBC37 /* Frameworks */,
				2788651F19411CBF007BBC37 /* Resources */,
				575AAF3CAF0B46E9B25C8E5B /* Copy Pods Resources */,
			);
			buildRules = (
			);
			dependencies = (
			);
			name = Snoo;
			productName = Snoo;
			productReference = 2788652119411CBF007BBC37 /* Snoo.app */;
			productType = "com.apple.product-type.application";
		};
		2788654019411CBF007BBC37 /* SnooTests */ = {
			isa = PBXNativeTarget;
			buildConfigurationList = 2788655619411CBF007BBC37 /* Build configuration list for PBXNativeTarget "SnooTests" */;
			buildPhases = (
				2788653D19411CBF007BBC37 /* Sources */,
				2788653E19411CBF007BBC37 /* Frameworks */,
				2788653F19411CBF007BBC37 /* Resources */,
			);
			buildRules = (
			);
			dependencies = (
				2788654819411CBF007BBC37 /* PBXTargetDependency */,
			);
			name = SnooTests;
			productName = SnooTests;
			productReference = 2788654119411CBF007BBC37 /* SnooTests.xctest */;
			productType = "com.apple.product-type.bundle.unit-test";
		};
/* End PBXNativeTarget section */

/* Begin PBXProject section */
		2788651919411CBF007BBC37 /* Project object */ = {
			isa = PBXProject;
			attributes = {
				CLASSPREFIX = SNOO;
				LastUpgradeCheck = 0510;
				ORGANIZATIONNAME = ivm;
				TargetAttributes = {
					2788654019411CBF007BBC37 = {
						TestTargetID = 2788652019411CBF007BBC37;
					};
				};
			};
			buildConfigurationList = 2788651C19411CBF007BBC37 /* Build configuration list for PBXProject "Snoo" */;
			compatibilityVersion = "Xcode 3.2";
			developmentRegion = English;
			hasScannedForEncodings = 0;
			knownRegions = (
				en,
			);
			mainGroup = 2788651819411CBF007BBC37;
			productRefGroup = 2788652219411CBF007BBC37 /* Products */;
			projectDirPath = "";
			projectRoot = "";
			targets = (
				2788652019411CBF007BBC37 /* Snoo */,
				2788654019411CBF007BBC37 /* SnooTests */,
			);
		};
/* End PBXProject section */

/* Begin PBXResourcesBuildPhase section */
		2788651F19411CBF007BBC37 /* Resources */ = {
			isa = PBXResourcesBuildPhase;
			buildActionMask = 2147483647;
			files = (
				2788656B19412C02007BBC37 /* Main.storyboard in Resources */,
				2788653119411CBF007BBC37 /* InfoPlist.strings in Resources */,
				278DB615194298E000E79CCC /* SNOOPostTableViewCell.xib in Resources */,
				278E70A31944EA4B00D14D1A /* SORelativeDateTransformer.bundle in Resources */,
				2788653C19411CBF007BBC37 /* Images.xcassets in Resources */,
				279400CD19452EBC0086829B /* Web.storyboard in Resources */,
			);
			runOnlyForDeploymentPostprocessing = 0;
		};
		2788653F19411CBF007BBC37 /* Resources */ = {
			isa = PBXResourcesBuildPhase;
			buildActionMask = 2147483647;
			files = (
				2788654E19411CBF007BBC37 /* InfoPlist.strings in Resources */,
			);
			runOnlyForDeploymentPostprocessing = 0;
		};
/* End PBXResourcesBuildPhase section */

/* Begin PBXShellScriptBuildPhase section */
		575AAF3CAF0B46E9B25C8E5B /* Copy Pods Resources */ = {
			isa = PBXShellScriptBuildPhase;
			buildActionMask = 2147483647;
			files = (
			);
			inputPaths = (
			);
			name = "Copy Pods Resources";
			outputPaths = (
			);
			runOnlyForDeploymentPostprocessing = 0;
			shellPath = /bin/sh;
			shellScript = "\"${SRCROOT}/Pods/Pods-resources.sh\"\n";
			showEnvVarsInLog = 0;
		};
		B947BEF431204A5B9F19D01B /* Check Pods Manifest.lock */ = {
			isa = PBXShellScriptBuildPhase;
			buildActionMask = 2147483647;
			files = (
			);
			inputPaths = (
			);
			name = "Check Pods Manifest.lock";
			outputPaths = (
			);
			runOnlyForDeploymentPostprocessing = 0;
			shellPath = /bin/sh;
			shellScript = "diff \"${PODS_ROOT}/../Podfile.lock\" \"${PODS_ROOT}/Manifest.lock\" > /dev/null\nif [[ $? != 0 ]] ; then\n    cat << EOM\nerror: The sandbox is not in sync with the Podfile.lock. Run 'pod install' or update your CocoaPods installation.\nEOM\n    exit 1\nfi\n";
			showEnvVarsInLog = 0;
		};
/* End PBXShellScriptBuildPhase section */

/* Begin PBXSourcesBuildPhase section */
		2788651D19411CBF007BBC37 /* Sources */ = {
			isa = PBXSourcesBuildPhase;
			buildActionMask = 2147483647;
			files = (
				278DB5FD1942729600E79CCC /* NSDictionary+Ingest.m in Sources */,
				278DB6001942800600E79CCC /* NSManagedObjectContext+Convenience.m in Sources */,
				279400CE19452EBC0086829B /* SNOOWebBrowserController.m in Sources */,
				278DB614194298E000E79CCC /* SNOOPostTableViewCell.m in Sources */,
				278DB5FA194270DC00E79CCC /* NSArray+Ingest.m in Sources */,
				278E70A51944EA4B00D14D1A /* NSDate(FriendlyDate).m in Sources */,
				27D26336194255E700DD0ADC /* NSDictionary+Extract.m in Sources */,
				2788653319411CBF007BBC37 /* main.m in Sources */,
				278DB61B1942A4E000E79CCC /* _SNOOPost.m in Sources */,
				2788653A19411CBF007BBC37 /* Snoo.xcdatamodeld in Sources */,
				278DB607194286DB00E79CCC /* SNOOPost.m in Sources */,
				2788657B19418B94007BBC37 /* SNOOFrontPageListingController.m in Sources */,
				27886565194124D4007BBC37 /* UIResponder+PerformSelector.m in Sources */,
				2788657419416BED007BBC37 /* SNOOPagedAccessByURLParameter.m in Sources */,
				2780F680194526E6005C7A23 /* SNOOSelfTextController.m in Sources */,
				278E70A41944EA4B00D14D1A /* SORelativeDateTransformer.m in Sources */,
				27D2632F1942493C00DD0ADC /* NSDictionary+Recognize.m in Sources */,
				2788653719411CBF007BBC37 /* SNOOAppDelegate.m in Sources */,
				2788656819412A86007BBC37 /* SNOORedditCommand.m in Sources */,
				27D2633319424F0700DD0ADC /* SNOORedditConstants.m in Sources */,
				2788655E19412397007BBC37 /* SNOORedditService.m in Sources */,
				2790B754194500A0000A903E /* NSString+Prettify.m in Sources */,
				27886570194132C3007BBC37 /* SNOORedditCommandFetchFrontPage.m in Sources */,
				27886577194186A5007BBC37 /* NSURL+Queries.m in Sources */,
				278DB6101942974E00E79CCC /* NSDate+Conversions.m in Sources */,
			);
			runOnlyForDeploymentPostprocessing = 0;
		};
		2788653D19411CBF007BBC37 /* Sources */ = {
			isa = PBXSourcesBuildPhase;
			buildActionMask = 2147483647;
			files = (
				2788655019411CBF007BBC37 /* SnooTests.m in Sources */,
			);
			runOnlyForDeploymentPostprocessing = 0;
		};
/* End PBXSourcesBuildPhase section */

/* Begin PBXTargetDependency section */
		2788654819411CBF007BBC37 /* PBXTargetDependency */ = {
			isa = PBXTargetDependency;
			target = 2788652019411CBF007BBC37 /* Snoo */;
			targetProxy = 2788654719411CBF007BBC37 /* PBXContainerItemProxy */;
		};
/* End PBXTargetDependency section */

/* Begin PBXVariantGroup section */
		2788652F19411CBF007BBC37 /* InfoPlist.strings */ = {
			isa = PBXVariantGroup;
			children = (
				2788653019411CBF007BBC37 /* en */,
			);
			name = InfoPlist.strings;
			sourceTree = "<group>";
		};
		2788654C19411CBF007BBC37 /* InfoPlist.strings */ = {
			isa = PBXVariantGroup;
			children = (
				2788654D19411CBF007BBC37 /* en */,
			);
			name = InfoPlist.strings;
			sourceTree = "<group>";
		};
/* End PBXVariantGroup section */

/* Begin XCBuildConfiguration section */
		2788655119411CBF007BBC37 /* Debug */ = {
			isa = XCBuildConfiguration;
			buildSettings = {
				ALWAYS_SEARCH_USER_PATHS = NO;
				CLANG_CXX_LANGUAGE_STANDARD = "gnu++0x";
				CLANG_CXX_LIBRARY = "libc++";
				CLANG_ENABLE_MODULES = YES;
				CLANG_ENABLE_OBJC_ARC = YES;
				CLANG_WARN_BOOL_CONVERSION = YES;
				CLANG_WARN_CONSTANT_CONVERSION = YES;
				CLANG_WARN_DIRECT_OBJC_ISA_USAGE = YES_ERROR;
				CLANG_WARN_EMPTY_BODY = YES;
				CLANG_WARN_ENUM_CONVERSION = YES;
				CLANG_WARN_INT_CONVERSION = YES;
				CLANG_WARN_OBJC_ROOT_CLASS = YES_ERROR;
				CLANG_WARN__DUPLICATE_METHOD_MATCH = YES;
				"CODE_SIGN_IDENTITY[sdk=iphoneos*]" = "iPhone Developer";
				COPY_PHASE_STRIP = NO;
				GCC_C_LANGUAGE_STANDARD = gnu99;
				GCC_DYNAMIC_NO_PIC = NO;
				GCC_OPTIMIZATION_LEVEL = 0;
				GCC_PREPROCESSOR_DEFINITIONS = (
					"DEBUG=1",
					"$(inherited)",
				);
				GCC_SYMBOLS_PRIVATE_EXTERN = NO;
				GCC_WARN_64_TO_32_BIT_CONVERSION = YES;
				GCC_WARN_ABOUT_RETURN_TYPE = YES_ERROR;
				GCC_WARN_UNDECLARED_SELECTOR = YES;
				GCC_WARN_UNINITIALIZED_AUTOS = YES_AGGRESSIVE;
				GCC_WARN_UNUSED_FUNCTION = YES;
				GCC_WARN_UNUSED_VARIABLE = YES;
				IPHONEOS_DEPLOYMENT_TARGET = 7.1;
				ONLY_ACTIVE_ARCH = YES;
				SDKROOT = iphoneos;
			};
			name = Debug;
		};
		2788655219411CBF007BBC37 /* Release */ = {
			isa = XCBuildConfiguration;
			buildSettings = {
				ALWAYS_SEARCH_USER_PATHS = NO;
				CLANG_CXX_LANGUAGE_STANDARD = "gnu++0x";
				CLANG_CXX_LIBRARY = "libc++";
				CLANG_ENABLE_MODULES = YES;
				CLANG_ENABLE_OBJC_ARC = YES;
				CLANG_WARN_BOOL_CONVERSION = YES;
				CLANG_WARN_CONSTANT_CONVERSION = YES;
				CLANG_WARN_DIRECT_OBJC_ISA_USAGE = YES_ERROR;
				CLANG_WARN_EMPTY_BODY = YES;
				CLANG_WARN_ENUM_CONVERSION = YES;
				CLANG_WARN_INT_CONVERSION = YES;
				CLANG_WARN_OBJC_ROOT_CLASS = YES_ERROR;
				CLANG_WARN__DUPLICATE_METHOD_MATCH = YES;
				"CODE_SIGN_IDENTITY[sdk=iphoneos*]" = "iPhone Developer";
				COPY_PHASE_STRIP = YES;
				ENABLE_NS_ASSERTIONS = NO;
				GCC_C_LANGUAGE_STANDARD = gnu99;
				GCC_WARN_64_TO_32_BIT_CONVERSION = YES;
				GCC_WARN_ABOUT_RETURN_TYPE = YES_ERROR;
				GCC_WARN_UNDECLARED_SELECTOR = YES;
				GCC_WARN_UNINITIALIZED_AUTOS = YES_AGGRESSIVE;
				GCC_WARN_UNUSED_FUNCTION = YES;
				GCC_WARN_UNUSED_VARIABLE = YES;
				IPHONEOS_DEPLOYMENT_TARGET = 7.1;
				SDKROOT = iphoneos;
				VALIDATE_PRODUCT = YES;
			};
			name = Release;
		};
		2788655419411CBF007BBC37 /* Debug */ = {
			isa = XCBuildConfiguration;
			baseConfigurationReference = DF400A1765724841ADF64C21 /* Pods.xcconfig */;
			buildSettings = {
				ASSETCATALOG_COMPILER_APPICON_NAME = AppIcon;
				ASSETCATALOG_COMPILER_LAUNCHIMAGE_NAME = LaunchImage;
				GCC_PRECOMPILE_PREFIX_HEADER = YES;
				GCC_PREFIX_HEADER = "Snoo/Snoo-Prefix.pch";
				INFOPLIST_FILE = "Snoo/Snoo-Info.plist";
				PRODUCT_NAME = "$(TARGET_NAME)";
				WRAPPER_EXTENSION = app;
			};
			name = Debug;
		};
		2788655519411CBF007BBC37 /* Release */ = {
			isa = XCBuildConfiguration;
			baseConfigurationReference = DF400A1765724841ADF64C21 /* Pods.xcconfig */;
			buildSettings = {
				ASSETCATALOG_COMPILER_APPICON_NAME = AppIcon;
				ASSETCATALOG_COMPILER_LAUNCHIMAGE_NAME = LaunchImage;
				GCC_PRECOMPILE_PREFIX_HEADER = YES;
				GCC_PREFIX_HEADER = "Snoo/Snoo-Prefix.pch";
				INFOPLIST_FILE = "Snoo/Snoo-Info.plist";
				PRODUCT_NAME = "$(TARGET_NAME)";
				WRAPPER_EXTENSION = app;
			};
			name = Release;
		};
		2788655719411CBF007BBC37 /* Debug */ = {
			isa = XCBuildConfiguration;
			buildSettings = {
				BUNDLE_LOADER = "$(BUILT_PRODUCTS_DIR)/Snoo.app/Snoo";
				FRAMEWORK_SEARCH_PATHS = (
					"$(SDKROOT)/Developer/Library/Frameworks",
					"$(inherited)",
					"$(DEVELOPER_FRAMEWORKS_DIR)",
				);
				GCC_PRECOMPILE_PREFIX_HEADER = YES;
				GCC_PREFIX_HEADER = "Snoo/Snoo-Prefix.pch";
				GCC_PREPROCESSOR_DEFINITIONS = (
					"DEBUG=1",
					"$(inherited)",
				);
				INFOPLIST_FILE = "SnooTests/SnooTests-Info.plist";
				PRODUCT_NAME = "$(TARGET_NAME)";
				TEST_HOST = "$(BUNDLE_LOADER)";
				WRAPPER_EXTENSION = xctest;
			};
			name = Debug;
		};
		2788655819411CBF007BBC37 /* Release */ = {
			isa = XCBuildConfiguration;
			buildSettings = {
				BUNDLE_LOADER = "$(BUILT_PRODUCTS_DIR)/Snoo.app/Snoo";
				FRAMEWORK_SEARCH_PATHS = (
					"$(SDKROOT)/Developer/Library/Frameworks",
					"$(inherited)",
					"$(DEVELOPER_FRAMEWORKS_DIR)",
				);
				GCC_PRECOMPILE_PREFIX_HEADER = YES;
				GCC_PREFIX_HEADER = "Snoo/Snoo-Prefix.pch";
				INFOPLIST_FILE = "SnooTests/SnooTests-Info.plist";
				PRODUCT_NAME = "$(TARGET_NAME)";
				TEST_HOST = "$(BUNDLE_LOADER)";
				WRAPPER_EXTENSION = xctest;
			};
			name = Release;
		};
/* End XCBuildConfiguration section */

/* Begin XCConfigurationList section */
		2788651C19411CBF007BBC37 /* Build configuration list for PBXProject "Snoo" */ = {
			isa = XCConfigurationList;
			buildConfigurations = (
				2788655119411CBF007BBC37 /* Debug */,
				2788655219411CBF007BBC37 /* Release */,
			);
			defaultConfigurationIsVisible = 0;
			defaultConfigurationName = Release;
		};
		2788655319411CBF007BBC37 /* Build configuration list for PBXNativeTarget "Snoo" */ = {
			isa = XCConfigurationList;
			buildConfigurations = (
				2788655419411CBF007BBC37 /* Debug */,
				2788655519411CBF007BBC37 /* Release */,
			);
			defaultConfigurationIsVisible = 0;
			defaultConfigurationName = Release;
		};
		2788655619411CBF007BBC37 /* Build configuration list for PBXNativeTarget "SnooTests" */ = {
			isa = XCConfigurationList;
			buildConfigurations = (
				2788655719411CBF007BBC37 /* Debug */,
				2788655819411CBF007BBC37 /* Release */,
			);
			defaultConfigurationIsVisible = 0;
			defaultConfigurationName = Release;
		};
/* End XCConfigurationList section */

/* Begin XCVersionGroup section */
		2788653819411CBF007BBC37 /* Snoo.xcdatamodeld */ = {
			isa = XCVersionGroup;
			children = (
				2788653919411CBF007BBC37 /* Snoo.xcdatamodel */,
			);
			currentVersion = 2788653919411CBF007BBC37 /* Snoo.xcdatamodel */;
			path = Snoo.xcdatamodeld;
			sourceTree = "<group>";
			versionGroupType = wrapper.xcdatamodel;
		};
/* End XCVersionGroup section */
	};
	rootObject = 2788651919411CBF007BBC37 /* Project object */;
}
